
Microsoft Visual Studio Solution File, Format Version 12.00
# Visual Studio Version 16
VisualStudioVersion = 16.0.30611.23
MinimumVisualStudioVersion = 10.0.40219.1
Project("{FAE04EC0-301F-11D3-BF4B-00C04F79EFBC}") = "ConsoleApp6", "ConsoleApp6\ConsoleApp6.csproj", "{D236BC0F-4A7E-4E22-A636-E7D5FBC6A60E}"
EndProject
Global
	GlobalSection(SolutionConfigurationPlatforms) = preSolution
		Debug|Any CPU = Debug|Any CPU
		Release|Any CPU = Release|Any CPU
	EndGlobalSection
	GlobalSection(ProjectConfigurationPlatforms) = postSolution
		{D236BC0F-4A7E-4E22-A636-E7D5FBC6A60E}.Debug|Any CPU.ActiveCfg = Debug|Any CPU
		{D236BC0F-4A7E-4E22-A636-E7D5FBC6A60E}.Debug|Any CPU.Build.0 = Debug|Any CPU
		{D236BC0F-4A7E-4E22-A636-E7D5FBC6A60E}.Release|Any CPU.ActiveCfg = Release|Any CPU
		{D236BC0F-4A7E-4E22-A636-E7D5FBC6A60E}.Release|Any CPU.Build.0 = Release|Any CPU
	EndGlobalSection
	GlobalSection(SolutionProperties) = preSolution
		HideSolutionNode = FALSE
	EndGlobalSection
	GlobalSection(ExtensibilityGlobals) = postSolution
		SolutionGuid = {4B1AA2D9-99D5-4F6F-888B-6416AAB33333}
	EndGlobalSection
EndGlobal
